
Microsoft Visual Studio Solution File, Format Version 12.00
# Visual Studio Version 16
VisualStudioVersion = 16.0.35026.282
MinimumVisualStudioVersion = 10.0.40219.1
Project("{8BC9CEB8-8B4A-11D0-8D11-00A0C91BC942}") = "CppCodeSampleCollection", "CppCodeSampleCollection.vcxproj", "{AAE1C464-1D52-4B09-A32E-7540A5F9B4C7}"
EndProject
Global
	GlobalSection(SolutionConfigurationPlatforms) = preSolution
		Debug|x64 = Debug|x64
		Debug|x86 = Debug|x86
		Release|x64 = Release|x64
		Release|x86 = Release|x86
	EndGlobalSection
	GlobalSection(ProjectConfigurationPlatforms) = postSolution
		{AAE1C464-1D52-4B09-A32E-7540A5F9B4C7}.Debug|x64.ActiveCfg = Debug|x64
		{AAE1C464-1D52-4B09-A32E-7540A5F9B4C7}.Debug|x64.Build.0 = Debug|x64
		{AAE1C464-1D52-4B09-A32E-7540A5F9B4C7}.Debug|x86.ActiveCfg = Debug|Win32
		{AAE1C464-1D52-4B09-A32E-7540A5F9B4C7}.Debug|x86.Build.0 = Debug|Win32
		{AAE1C464-1D52-4B09-A32E-7540A5F9B4C7}.Release|x64.ActiveCfg = Release|x64
		{AAE1C464-1D52-4B09-A32E-7540A5F9B4C7}.Release|x64.Build.0 = Release|x64
		{AAE1C464-1D52-4B09-A32E-7540A5F9B4C7}.Release|x86.ActiveCfg = Release|Win32
		{AAE1C464-1D52-4B09-A32E-7540A5F9B4C7}.Release|x86.Build.0 = Release|Win32
	EndGlobalSection
	GlobalSection(SolutionProperties) = preSolution
		HideSolutionNode = FALSE
	EndGlobalSection
	GlobalSection(ExtensibilityGlobals) = postSolution
		SolutionGuid = {2D5F6D0F-5C23-42D4-A284-DB071978CEF8}
	EndGlobalSection
EndGlobal
